
Microsoft Visual Studio Solution File, Format Version 12.00
# Visual Studio 15
VisualStudioVersion = 15.0.28010.2036
MinimumVisualStudioVersion = 10.0.40219.1
Project("{FAE04EC0-301F-11D3-BF4B-00C04F79EFBC}") = "Grafika_wielokaty", "Grafika_wielokaty\Grafika_wielokaty.csproj", "{45212568-F146-4190-82BB-4168E8D2236F}"
EndProject
Global
	GlobalSection(SolutionConfigurationPlatforms) = preSolution
		Debug|Any CPU = Debug|Any CPU
		Release|Any CPU = Release|Any CPU
	EndGlobalSection
	GlobalSection(ProjectConfigurationPlatforms) = postSolution
		{45212568-F146-4190-82BB-4168E8D2236F}.Debug|Any CPU.ActiveCfg = Debug|Any CPU
		{45212568-F146-4190-82BB-4168E8D2236F}.Debug|Any CPU.Build.0 = Debug|Any CPU
		{45212568-F146-4190-82BB-4168E8D2236F}.Release|Any CPU.ActiveCfg = Release|Any CPU
		{45212568-F146-4190-82BB-4168E8D2236F}.Release|Any CPU.Build.0 = Release|Any CPU
	EndGlobalSection
	GlobalSection(SolutionProperties) = preSolution
		HideSolutionNode = FALSE
	EndGlobalSection
	GlobalSection(ExtensibilityGlobals) = postSolution
		SolutionGuid = {4D6EE2F6-043B-462D-AE01-586EF204127B}
	EndGlobalSection
EndGlobal
